# This file is autogenerated, do not edit; changes may be undone by the next 'dep ensure'.


[[projects]]
  digest = "1:cbec35fe4d5a4fba369a656a8cd65e244ea2c743007d8f6c1ccb132acf9d1296"
  name = "github.com/gorilla/mux"
  packages = ["."]
  pruneopts = "UT"
  revision = "00bdffe0f3c77e27d2cf6f5c70232a2d3e4d9c15"
  version = "v1.7.3"

[[projects]]
  branch = "master"
  digest = "1:4fc348b5b6df6fe9837f0ce94d4816ba650a7aae964de76cc7841a7333e20ae7"
  name = "github.com/sourgoyal/dns"
  packages = ["dnsSrv"]
  pruneopts = "UT"
  revision = "74dda3ecb91e1930c869b804f48f947acd3cf07c"

[[projects]]
  branch = "master"
  digest = "1:cac8f54d6202cad1ec91af7d58bf706fefa49e527b662142f3a80be86501e428"
  name = "github.com/sourgoyal/golang"
  packages = ["http-throttling"]
  pruneopts = "UT"
  revision = "b3d8ab0ebbade9e63ea84ffc71e5f66ff2bbf55d"

[[projects]]
  branch = "master"
  digest = "1:cdd088b35bbf78713a6861a44a1bbe97e581861b6b8835c7f2211bbeca3671f6"
  name = "golang.org/x/time"
  packages = ["rate"]
  pruneopts = "UT"
  revision = "c4c64cad1fd0a1a8dab2523e04e61d35308e131e"

[solve-meta]
  analyzer-name = "dep"
  analyzer-version = 1
  input-imports = [
    "github.com/gorilla/mux",
    "github.com/sourgoyal/dns/dnsSrv",
    "github.com/sourgoyal/golang/http-throttling",
  ]
  solver-name = "gps-cdcl"
  solver-version = 1
